
Microsoft Visual Studio Solution File, Format Version 12.00
# Visual Studio Version 17
VisualStudioVersion = 17.3.32819.101
MinimumVisualStudioVersion = 10.0.40219.1
Project("{FAE04EC0-301F-11D3-BF4B-00C04F79EFBC}") = "PRACTICA 3", "PRACTICA 3\PRACTICA 3.csproj", "{447A517B-E02F-45CD-9FE0-FFE33B9545CD}"
EndProject
Global
	GlobalSection(SolutionConfigurationPlatforms) = preSolution
		Debug|Any CPU = Debug|Any CPU
		Release|Any CPU = Release|Any CPU
	EndGlobalSection
	GlobalSection(ProjectConfigurationPlatforms) = postSolution
		{447A517B-E02F-45CD-9FE0-FFE33B9545CD}.Debug|Any CPU.ActiveCfg = Debug|Any CPU
		{447A517B-E02F-45CD-9FE0-FFE33B9545CD}.Debug|Any CPU.Build.0 = Debug|Any CPU
		{447A517B-E02F-45CD-9FE0-FFE33B9545CD}.Release|Any CPU.ActiveCfg = Release|Any CPU
		{447A517B-E02F-45CD-9FE0-FFE33B9545CD}.Release|Any CPU.Build.0 = Release|Any CPU
	EndGlobalSection
	GlobalSection(SolutionProperties) = preSolution
		HideSolutionNode = FALSE
	EndGlobalSection
	GlobalSection(ExtensibilityGlobals) = postSolution
		SolutionGuid = {73E7D97B-00CA-453F-9669-2B6BA4021D5E}
	EndGlobalSection
EndGlobal
